
Microsoft Visual Studio Solution File, Format Version 12.00
# Visual Studio 14
VisualStudioVersion = 14.0.25420.1
MinimumVisualStudioVersion = 10.0.40219.1
Project("{FAE04EC0-301F-11D3-BF4B-00C04F79EFBC}") = "SilverLinkAPI", "SilverLinkAPI\SilverLinkAPI.csproj", "{D392EC3D-57F3-4A79-89EA-0B30090EA1B1}"
EndProject
Project("{FAE04EC0-301F-11D3-BF4B-00C04F79EFBC}") = "SilverLinkAPI.Tests", "SilverLinkAPI.Tests\SilverLinkAPI.Tests.csproj", "{C08084B8-37FF-4366-931A-A7F0EBB7C7BE}"
EndProject
Global
	GlobalSection(SolutionConfigurationPlatforms) = preSolution
		Debug|Any CPU = Debug|Any CPU
		Release|Any CPU = Release|Any CPU
	EndGlobalSection
	GlobalSection(ProjectConfigurationPlatforms) = postSolution
		{D392EC3D-57F3-4A79-89EA-0B30090EA1B1}.Debug|Any CPU.ActiveCfg = Debug|Any CPU
		{D392EC3D-57F3-4A79-89EA-0B30090EA1B1}.Debug|Any CPU.Build.0 = Debug|Any CPU
		{D392EC3D-57F3-4A79-89EA-0B30090EA1B1}.Release|Any CPU.ActiveCfg = Release|Any CPU
		{D392EC3D-57F3-4A79-89EA-0B30090EA1B1}.Release|Any CPU.Build.0 = Release|Any CPU
		{C08084B8-37FF-4366-931A-A7F0EBB7C7BE}.Debug|Any CPU.ActiveCfg = Debug|Any CPU
		{C08084B8-37FF-4366-931A-A7F0EBB7C7BE}.Debug|Any CPU.Build.0 = Debug|Any CPU
		{C08084B8-37FF-4366-931A-A7F0EBB7C7BE}.Release|Any CPU.ActiveCfg = Release|Any CPU
		{C08084B8-37FF-4366-931A-A7F0EBB7C7BE}.Release|Any CPU.Build.0 = Release|Any CPU
	EndGlobalSection
	GlobalSection(SolutionProperties) = preSolution
		HideSolutionNode = FALSE
	EndGlobalSection
EndGlobal
